
Microsoft Visual Studio Solution File, Format Version 12.00
# Visual Studio Version 17
VisualStudioVersion = 17.8.34525.116
MinimumVisualStudioVersion = 10.0.40219.1
Project("{FAE04EC0-301F-11D3-BF4B-00C04F79EFBC}") = "COMP003A.LectureActivity4", "COMP003A.LectureActivity4\COMP003A.LectureActivity4.csproj", "{3DA40100-C6A6-42FA-A1B3-5306A8EF7A1A}"
EndProject
Global
	GlobalSection(SolutionConfigurationPlatforms) = preSolution
		Debug|Any CPU = Debug|Any CPU
		Release|Any CPU = Release|Any CPU
	EndGlobalSection
	GlobalSection(ProjectConfigurationPlatforms) = postSolution
		{3DA40100-C6A6-42FA-A1B3-5306A8EF7A1A}.Debug|Any CPU.ActiveCfg = Debug|Any CPU
		{3DA40100-C6A6-42FA-A1B3-5306A8EF7A1A}.Debug|Any CPU.Build.0 = Debug|Any CPU
		{3DA40100-C6A6-42FA-A1B3-5306A8EF7A1A}.Release|Any CPU.ActiveCfg = Release|Any CPU
		{3DA40100-C6A6-42FA-A1B3-5306A8EF7A1A}.Release|Any CPU.Build.0 = Release|Any CPU
	EndGlobalSection
	GlobalSection(SolutionProperties) = preSolution
		HideSolutionNode = FALSE
	EndGlobalSection
	GlobalSection(ExtensibilityGlobals) = postSolution
		SolutionGuid = {B76CDADA-5A54-4DBC-8DEA-1BC2078FD47E}
	EndGlobalSection
EndGlobal
